
Microsoft Visual Studio Solution File, Format Version 12.00
# Visual Studio Version 17
VisualStudioVersion = 17.14.36623.8 d17.14
MinimumVisualStudioVersion = 10.0.40219.1
Project("{FAE04EC0-301F-11D3-BF4B-00C04F79EFBC}") = "Garage 2.0", "Garage 2.0.csproj", "{0807B517-7299-403C-9E77-F4B98D7983BB}"
EndProject
Global
	GlobalSection(SolutionConfigurationPlatforms) = preSolution
		Debug|Any CPU = Debug|Any CPU
		Release|Any CPU = Release|Any CPU
	EndGlobalSection
	GlobalSection(ProjectConfigurationPlatforms) = postSolution
		{0807B517-7299-403C-9E77-F4B98D7983BB}.Debug|Any CPU.ActiveCfg = Debug|Any CPU
		{0807B517-7299-403C-9E77-F4B98D7983BB}.Debug|Any CPU.Build.0 = Debug|Any CPU
		{0807B517-7299-403C-9E77-F4B98D7983BB}.Release|Any CPU.ActiveCfg = Release|Any CPU
		{0807B517-7299-403C-9E77-F4B98D7983BB}.Release|Any CPU.Build.0 = Release|Any CPU
	EndGlobalSection
	GlobalSection(SolutionProperties) = preSolution
		HideSolutionNode = FALSE
	EndGlobalSection
	GlobalSection(ExtensibilityGlobals) = postSolution
		SolutionGuid = {81B57DF8-D5A5-4960-8EE3-F3A235280F50}
	EndGlobalSection
EndGlobal
